
Microsoft Visual Studio Solution File, Format Version 12.00
# Visual Studio Version 17
VisualStudioVersion = 17.9.34728.123
MinimumVisualStudioVersion = 10.0.40219.1
Project("{FAE04EC0-301F-11D3-BF4B-00C04F79EFBC}") = "SwissSystem", "SwissSystem.csproj", "{720200D6-0533-465C-8F24-1027579D7CF4}"
EndProject
Global
	GlobalSection(SolutionConfigurationPlatforms) = preSolution
		Debug|Any CPU = Debug|Any CPU
		Release|Any CPU = Release|Any CPU
	EndGlobalSection
	GlobalSection(ProjectConfigurationPlatforms) = postSolution
		{720200D6-0533-465C-8F24-1027579D7CF4}.Debug|Any CPU.ActiveCfg = Debug|Any CPU
		{720200D6-0533-465C-8F24-1027579D7CF4}.Debug|Any CPU.Build.0 = Debug|Any CPU
		{720200D6-0533-465C-8F24-1027579D7CF4}.Release|Any CPU.ActiveCfg = Release|Any CPU
		{720200D6-0533-465C-8F24-1027579D7CF4}.Release|Any CPU.Build.0 = Release|Any CPU
	EndGlobalSection
	GlobalSection(SolutionProperties) = preSolution
		HideSolutionNode = FALSE
	EndGlobalSection
	GlobalSection(ExtensibilityGlobals) = postSolution
		SolutionGuid = {2A008C35-2B32-46FF-9AC2-1E74B3C15D4F}
	EndGlobalSection
EndGlobal
